// !$*UTF8*$!
{
	archiveVersion = 1;
	classes = {
	};
	objectVersion = 77;
	objects = {

/* Begin PBXBuildFile section */
		B08275CA2E1160A100242AE1 /* WidgetKit.framework in Frameworks */ = {isa = PBXBuildFile; fileRef = B08275C92E1160A100242AE1 /* WidgetKit.framework */; };
		B08275CC2E1160A100242AE1 /* SwiftUI.framework in Frameworks */ = {isa = PBXBuildFile; fileRef = B08275CB2E1160A100242AE1 /* SwiftUI.framework */; };
		B08275DD2E1160A200242AE1 /* TimeToBurnWidgetExtension.appex in Embed Foundation Extensions */ = {isa = PBXBuildFile; fileRef = B08275C72E1160A100242AE1 /* TimeToBurnWidgetExtension.appex */; settings = {ATTRIBUTES = (RemoveHeadersOnCopy, ); }; };
/* End PBXBuildFile section */

/* Begin PBXContainerItemProxy section */
		B074DCA62DFB19AA009E1727 /* PBXContainerItemProxy */ = {
			isa = PBXContainerItemProxy;
			containerPortal = B074DC902DFB19A8009E1727 /* Project object */;
			proxyType = 1;
			remoteGlobalIDString = B074DC972DFB19A8009E1727;
			remoteInfo = "Time to Burn";
		};
		B074DCB02DFB19AA009E1727 /* PBXContainerItemProxy */ = {
			isa = PBXContainerItemProxy;
			containerPortal = B074DC902DFB19A8009E1727 /* Project object */;
			proxyType = 1;
			remoteGlobalIDString = B074DC972DFB19A8009E1727;
			remoteInfo = "Time to Burn";
		};
		B08275DB2E1160A200242AE1 /* PBXContainerItemProxy */ = {
			isa = PBXContainerItemProxy;
			containerPortal = B074DC902DFB19A8009E1727 /* Project object */;
			proxyType = 1;
			remoteGlobalIDString = B08275C62E1160A100242AE1;
			remoteInfo = TimeToBurnWidgetExtension;
		};
/* End PBXContainerItemProxy section */

/* Begin PBXCopyFilesBuildPhase section */
		B08275E22E1160A200242AE1 /* Embed Foundation Extensions */ = {
			isa = PBXCopyFilesBuildPhase;
			buildActionMask = 2147483647;
			dstPath = "";
			dstSubfolderSpec = 13;
			files = (
				B08275DD2E1160A200242AE1 /* TimeToBurnWidgetExtension.appex in Embed Foundation Extensions */,
			);
			name = "Embed Foundation Extensions";
			runOnlyForDeploymentPostprocessing = 0;
		};
/* End PBXCopyFilesBuildPhase section */

/* Begin PBXFileReference section */
		B01EFD5D2E1C10D800254047 /* TimeToBurnWidgetExtension.entitlements */ = {isa = PBXFileReference; lastKnownFileType = text.plist.entitlements; path = TimeToBurnWidgetExtension.entitlements; sourceTree = "<group>"; };
		B074DC982DFB19A8009E1727 /* Time to Burn.app */ = {isa = PBXFileReference; explicitFileType = wrapper.application; includeInIndex = 0; path = "Time to Burn.app"; sourceTree = BUILT_PRODUCTS_DIR; };
		B074DCA52DFB19AA009E1727 /* Time to BurnTests.xctest */ = {isa = PBXFileReference; explicitFileType = wrapper.cfbundle; includeInIndex = 0; path = "Time to BurnTests.xctest"; sourceTree = BUILT_PRODUCTS_DIR; };
		B074DCAF2DFB19AA009E1727 /* Time to BurnUITests.xctest */ = {isa = PBXFileReference; explicitFileType = wrapper.cfbundle; includeInIndex = 0; path = "Time to BurnUITests.xctest"; sourceTree = BUILT_PRODUCTS_DIR; };
		B08275C72E1160A100242AE1 /* TimeToBurnWidgetExtension.appex */ = {isa = PBXFileReference; explicitFileType = "wrapper.app-extension"; includeInIndex = 0; path = TimeToBurnWidgetExtension.appex; sourceTree = BUILT_PRODUCTS_DIR; };
		B08275C92E1160A100242AE1 /* WidgetKit.framework */ = {isa = PBXFileReference; lastKnownFileType = wrapper.framework; name = WidgetKit.framework; path = System/Library/Frameworks/WidgetKit.framework; sourceTree = SDKROOT; };
		B08275CB2E1160A100242AE1 /* SwiftUI.framework */ = {isa = PBXFileReference; lastKnownFileType = wrapper.framework; name = SwiftUI.framework; path = System/Library/Frameworks/SwiftUI.framework; sourceTree = SDKROOT; };
/* End PBXFileReference section */

/* Begin PBXFileSystemSynchronizedBuildFileExceptionSet section */
		B08275DE2E1160A200242AE1 /* Exceptions for "TimeToBurnWidget" folder in "TimeToBurnWidgetExtension" target */ = {
			isa = PBXFileSystemSynchronizedBuildFileExceptionSet;
			membershipExceptions = (
				Info.plist,
			);
			target = B08275C62E1160A100242AE1 /* TimeToBurnWidgetExtension */;
		};
		B08275E62E11649100242AE1 /* Exceptions for "Time to Burn" folder in "TimeToBurnWidgetExtension" target */ = {
			isa = PBXFileSystemSynchronizedBuildFileExceptionSet;
			membershipExceptions = (
				Models/UVExposureAttributes.swift,
			);
			target = B08275C62E1160A100242AE1 /* TimeToBurnWidgetExtension */;
		};
/* End PBXFileSystemSynchronizedBuildFileExceptionSet section */

/* Begin PBXFileSystemSynchronizedRootGroup section */
		B074DC9A2DFB19A8009E1727 /* Time to Burn */ = {
			isa = PBXFileSystemSynchronizedRootGroup;
			exceptions = (
				B08275E62E11649100242AE1 /* Exceptions for "Time to Burn" folder in "TimeToBurnWidgetExtension" target */,
			);
			path = "Time to Burn";
			sourceTree = "<group>";
		};
		B074DCA82DFB19AA009E1727 /* Time to BurnTests */ = {
			isa = PBXFileSystemSynchronizedRootGroup;
			path = "Time to BurnTests";
			sourceTree = "<group>";
		};
		B074DCB22DFB19AA009E1727 /* Time to BurnUITests */ = {
			isa = PBXFileSystemSynchronizedRootGroup;
			path = "Time to BurnUITests";
			sourceTree = "<group>";
		};
		B08275CD2E1160A100242AE1 /* TimeToBurnWidget */ = {
			isa = PBXFileSystemSynchronizedRootGroup;
			exceptions = (
				B08275DE2E1160A200242AE1 /* Exceptions for "TimeToBurnWidget" folder in "TimeToBurnWidgetExtension" target */,
			);
			path = TimeToBurnWidget;
			sourceTree = "<group>";
		};
/* End PBXFileSystemSynchronizedRootGroup section */

/* Begin PBXFrameworksBuildPhase section */
		B074DC952DFB19A8009E1727 /* Frameworks */ = {
			isa = PBXFrameworksBuildPhase;
			buildActionMask = 2147483647;
			files = (
			);
			runOnlyForDeploymentPostprocessing = 0;
		};
		B074DCA22DFB19AA009E1727 /* Frameworks */ = {
			isa = PBXFrameworksBuildPhase;
			buildActionMask = 2147483647;
			files = (
			);
			runOnlyForDeploymentPostprocessing = 0;
		};
		B074DCAC2DFB19AA009E1727 /* Frameworks */ = {
			isa = PBXFrameworksBuildPhase;
			buildActionMask = 2147483647;
			files = (
			);
			runOnlyForDeploymentPostprocessing = 0;
		};
		B08275C42E1160A100242AE1 /* Frameworks */ = {
			isa = PBXFrameworksBuildPhase;
			buildActionMask = 2147483647;
			files = (
				B08275CC2E1160A100242AE1 /* SwiftUI.framework in Frameworks */,
				B08275CA2E1160A100242AE1 /* WidgetKit.framework in Frameworks */,
			);
			runOnlyForDeploymentPostprocessing = 0;
		};
/* End PBXFrameworksBuildPhase section */

/* Begin PBXGroup section */
		B074DC8F2DFB19A8009E1727 = {
			isa = PBXGroup;
			children = (
				B01EFD5D2E1C10D800254047 /* TimeToBurnWidgetExtension.entitlements */,
				B074DC9A2DFB19A8009E1727 /* Time to Burn */,
				B074DCA82DFB19AA009E1727 /* Time to BurnTests */,
				B074DCB22DFB19AA009E1727 /* Time to BurnUITests */,
				B08275CD2E1160A100242AE1 /* TimeToBurnWidget */,
				B08275C82E1160A100242AE1 /* Frameworks */,
				B074DC992DFB19A8009E1727 /* Products */,
			);
			sourceTree = "<group>";
		};
		B074DC992DFB19A8009E1727 /* Products */ = {
			isa = PBXGroup;
			children = (
				B074DC982DFB19A8009E1727 /* Time to Burn.app */,
				B074DCA52DFB19AA009E1727 /* Time to BurnTests.xctest */,
				B074DCAF2DFB19AA009E1727 /* Time to BurnUITests.xctest */,
				B08275C72E1160A100242AE1 /* TimeToBurnWidgetExtension.appex */,
			);
			name = Products;
			sourceTree = "<group>";
		};
		B08275C82E1160A100242AE1 /* Frameworks */ = {
			isa = PBXGroup;
			children = (
				B08275C92E1160A100242AE1 /* WidgetKit.framework */,
				B08275CB2E1160A100242AE1 /* SwiftUI.framework */,
			);
			name = Frameworks;
			sourceTree = "<group>";
		};
/* End PBXGroup section */

/* Begin PBXNativeTarget section */
		B074DC972DFB19A8009E1727 /* Time to Burn */ = {
			isa = PBXNativeTarget;
			buildConfigurationList = B074DCB92DFB19AA009E1727 /* Build configuration list for PBXNativeTarget "Time to Burn" */;
			buildPhases = (
				B074DC942DFB19A8009E1727 /* Sources */,
				B074DC952DFB19A8009E1727 /* Frameworks */,
				B074DC962DFB19A8009E1727 /* Resources */,
				B08275E22E1160A200242AE1 /* Embed Foundation Extensions */,
			);
			buildRules = (
			);
			dependencies = (
				B08275DC2E1160A200242AE1 /* PBXTargetDependency */,
			);
			fileSystemSynchronizedGroups = (
				B074DC9A2DFB19A8009E1727 /* Time to Burn */,
			);
			name = "Time to Burn";
			packageProductDependencies = (
			);
			productName = "Time to Burn";
			productReference = B074DC982DFB19A8009E1727 /* Time to Burn.app */;
			productType = "com.apple.product-type.application";
		};
		B074DCA42DFB19AA009E1727 /* Time to BurnTests */ = {
			isa = PBXNativeTarget;
			buildConfigurationList = B074DCBC2DFB19AA009E1727 /* Build configuration list for PBXNativeTarget "Time to BurnTests" */;
			buildPhases = (
				B074DCA12DFB19AA009E1727 /* Sources */,
				B074DCA22DFB19AA009E1727 /* Frameworks */,
				B074DCA32DFB19AA009E1727 /* Resources */,
			);
			buildRules = (
			);
			dependencies = (
				B074DCA72DFB19AA009E1727 /* PBXTargetDependency */,
			);
			fileSystemSynchronizedGroups = (
				B074DCA82DFB19AA009E1727 /* Time to BurnTests */,
			);
			name = "Time to BurnTests";
			packageProductDependencies = (
			);
			productName = "Time to BurnTests";
			productReference = B074DCA52DFB19AA009E1727 /* Time to BurnTests.xctest */;
			productType = "com.apple.product-type.bundle.unit-test";
		};
		B074DCAE2DFB19AA009E1727 /* Time to BurnUITests */ = {
			isa = PBXNativeTarget;
			buildConfigurationList = B074DCBF2DFB19AA009E1727 /* Build configuration list for PBXNativeTarget "Time to BurnUITests" */;
			buildPhases = (
				B074DCAB2DFB19AA009E1727 /* Sources */,
				B074DCAC2DFB19AA009E1727 /* Frameworks */,
				B074DCAD2DFB19AA009E1727 /* Resources */,
			);
			buildRules = (
			);
			dependencies = (
				B074DCB12DFB19AA009E1727 /* PBXTargetDependency */,
			);
			fileSystemSynchronizedGroups = (
				B074DCB22DFB19AA009E1727 /* Time to BurnUITests */,
			);
			name = "Time to BurnUITests";
			packageProductDependencies = (
			);
			productName = "Time to BurnUITests";
			productReference = B074DCAF2DFB19AA009E1727 /* Time to BurnUITests.xctest */;
			productType = "com.apple.product-type.bundle.ui-testing";
		};
		B08275C62E1160A100242AE1 /* TimeToBurnWidgetExtension */ = {
			isa = PBXNativeTarget;
			buildConfigurationList = B08275DF2E1160A200242AE1 /* Build configuration list for PBXNativeTarget "TimeToBurnWidgetExtension" */;
			buildPhases = (
				B08275C32E1160A100242AE1 /* Sources */,
				B08275C42E1160A100242AE1 /* Frameworks */,
				B08275C52E1160A100242AE1 /* Resources */,
			);
			buildRules = (
			);
			dependencies = (
			);
			fileSystemSynchronizedGroups = (
				B08275CD2E1160A100242AE1 /* TimeToBurnWidget */,
			);
			name = TimeToBurnWidgetExtension;
			packageProductDependencies = (
			);
			productName = TimeToBurnWidgetExtension;
			productReference = B08275C72E1160A100242AE1 /* TimeToBurnWidgetExtension.appex */;
			productType = "com.apple.product-type.app-extension";
		};
/* End PBXNativeTarget section */

/* Begin PBXProject section */
		B074DC902DFB19A8009E1727 /* Project object */ = {
			isa = PBXProject;
			attributes = {
				BuildIndependentTargetsInParallel = 1;
				LastSwiftUpdateCheck = 1640;
				LastUpgradeCheck = 1640;
				TargetAttributes = {
					B074DC972DFB19A8009E1727 = {
						CreatedOnToolsVersion = 16.4;
					};
					B074DCA42DFB19AA009E1727 = {
						CreatedOnToolsVersion = 16.4;
						TestTargetID = B074DC972DFB19A8009E1727;
					};
					B074DCAE2DFB19AA009E1727 = {
						CreatedOnToolsVersion = 16.4;
						TestTargetID = B074DC972DFB19A8009E1727;
					};
					B08275C62E1160A100242AE1 = {
						CreatedOnToolsVersion = 16.4;
					};
				};
			};
			buildConfigurationList = B074DC932DFB19A8009E1727 /* Build configuration list for PBXProject "Time to Burn" */;
			developmentRegion = en;
			hasScannedForEncodings = 0;
			knownRegions = (
				en,
				Base,
			);
			mainGroup = B074DC8F2DFB19A8009E1727;
			minimizedProjectReferenceProxies = 1;
			preferredProjectObjectVersion = 77;
			productRefGroup = B074DC992DFB19A8009E1727 /* Products */;
			projectDirPath = "";
			projectRoot = "";
			targets = (
				B074DC972DFB19A8009E1727 /* Time to Burn */,
				B074DCA42DFB19AA009E1727 /* Time to BurnTests */,
				B074DCAE2DFB19AA009E1727 /* Time to BurnUITests */,
				B08275C62E1160A100242AE1 /* TimeToBurnWidgetExtension */,
			);
		};
/* End PBXProject section */

/* Begin PBXResourcesBuildPhase section */
		B074DC962DFB19A8009E1727 /* Resources */ = {
			isa = PBXResourcesBuildPhase;
			buildActionMask = 2147483647;
			files = (
			);
			runOnlyForDeploymentPostprocessing = 0;
		};
		B074DCA32DFB19AA009E1727 /* Resources */ = {
			isa = PBXResourcesBuildPhase;
			buildActionMask = 2147483647;
			files = (
			);
			runOnlyForDeploymentPostprocessing = 0;
		};
		B074DCAD2DFB19AA009E1727 /* Resources */ = {
			isa = PBXResourcesBuildPhase;
			buildActionMask = 2147483647;
			files = (
			);
			runOnlyForDeploymentPostprocessing = 0;
		};
		B08275C52E1160A100242AE1 /* Resources */ = {
			isa = PBXResourcesBuildPhase;
			buildActionMask = 2147483647;
			files = (
			);
			runOnlyForDeploymentPostprocessing = 0;
		};
/* End PBXResourcesBuildPhase section */

/* Begin PBXSourcesBuildPhase section */
		B074DC942DFB19A8009E1727 /* Sources */ = {
			isa = PBXSourcesBuildPhase;
			buildActionMask = 2147483647;
			files = (
			);
			runOnlyForDeploymentPostprocessing = 0;
		};
		B074DCA12DFB19AA009E1727 /* Sources */ = {
			isa = PBXSourcesBuildPhase;
			buildActionMask = 2147483647;
			files = (
			);
			runOnlyForDeploymentPostprocessing = 0;
		};
		B074DCAB2DFB19AA009E1727 /* Sources */ = {
			isa = PBXSourcesBuildPhase;
			buildActionMask = 2147483647;
			files = (
			);
			runOnlyForDeploymentPostprocessing = 0;
		};
		B08275C32E1160A100242AE1 /* Sources */ = {
			isa = PBXSourcesBuildPhase;
			buildActionMask = 2147483647;
			files = (
			);
			runOnlyForDeploymentPostprocessing = 0;
		};
/* End PBXSourcesBuildPhase section */

/* Begin PBXTargetDependency section */
		B074DCA72DFB19AA009E1727 /* PBXTargetDependency */ = {
			isa = PBXTargetDependency;
			target = B074DC972DFB19A8009E1727 /* Time to Burn */;
			targetProxy = B074DCA62DFB19AA009E1727 /* PBXContainerItemProxy */;
		};
		B074DCB12DFB19AA009E1727 /* PBXTargetDependency */ = {
			isa = PBXTargetDependency;
			target = B074DC972DFB19A8009E1727 /* Time to Burn */;
			targetProxy = B074DCB02DFB19AA009E1727 /* PBXContainerItemProxy */;
		};
		B08275DC2E1160A200242AE1 /* PBXTargetDependency */ = {
			isa = PBXTargetDependency;
			target = B08275C62E1160A100242AE1 /* TimeToBurnWidgetExtension */;
			targetProxy = B08275DB2E1160A200242AE1 /* PBXContainerItemProxy */;
		};
/* End PBXTargetDependency section */

/* Begin XCBuildConfiguration section */
		B074DCB72DFB19AA009E1727 /* Debug */ = {
			isa = XCBuildConfiguration;
			buildSettings = {
				ALWAYS_SEARCH_USER_PATHS = NO;
				ASSETCATALOG_COMPILER_GENERATE_SWIFT_ASSET_SYMBOL_EXTENSIONS = YES;
				CLANG_ANALYZER_NONNULL = YES;
				CLANG_ANALYZER_NUMBER_OBJECT_CONVERSION = YES_AGGRESSIVE;
				CLANG_CXX_LANGUAGE_STANDARD = "gnu++20";
				CLANG_ENABLE_MODULES = YES;
				CLANG_ENABLE_OBJC_ARC = YES;
				CLANG_ENABLE_OBJC_WEAK = YES;
				CLANG_WARN_BLOCK_CAPTURE_AUTORELEASING = YES;
				CLANG_WARN_BOOL_CONVERSION = YES;
				CLANG_WARN_COMMA = YES;
				CLANG_WARN_CONSTANT_CONVERSION = YES;
				CLANG_WARN_DEPRECATED_OBJC_IMPLEMENTATIONS = YES;
				CLANG_WARN_DIRECT_OBJC_ISA_USAGE = YES_ERROR;
				CLANG_WARN_DOCUMENTATION_COMMENTS = YES;
				CLANG_WARN_EMPTY_BODY = YES;
				CLANG_WARN_ENUM_CONVERSION = YES;
				CLANG_WARN_INFINITE_RECURSION = YES;
				CLANG_WARN_INT_CONVERSION = YES;
				CLANG_WARN_NON_LITERAL_NULL_CONVERSION = YES;
				CLANG_WARN_OBJC_IMPLICIT_RETAIN_SELF = YES;
				CLANG_WARN_OBJC_LITERAL_CONVERSION = YES;
				CLANG_WARN_OBJC_ROOT_CLASS = YES_ERROR;
				CLANG_WARN_QUOTED_INCLUDE_IN_FRAMEWORK_HEADER = YES;
				CLANG_WARN_RANGE_LOOP_ANALYSIS = YES;
				CLANG_WARN_STRICT_PROTOTYPES = YES;
				CLANG_WARN_SUSPICIOUS_MOVE = YES;
				CLANG_WARN_UNGUARDED_AVAILABILITY = YES_AGGRESSIVE;
				CLANG_WARN_UNREACHABLE_CODE = YES;
				CLANG_WARN__DUPLICATE_METHOD_MATCH = YES;
				COPY_PHASE_STRIP = NO;
				DEBUG_INFORMATION_FORMAT = dwarf;
				DEVELOPMENT_TEAM = 7E693E4L97;
				ENABLE_STRICT_OBJC_MSGSEND = YES;
				ENABLE_TESTABILITY = YES;
				ENABLE_USER_SCRIPT_SANDBOXING = YES;
				GCC_C_LANGUAGE_STANDARD = gnu17;
				GCC_DYNAMIC_NO_PIC = NO;
				GCC_NO_COMMON_BLOCKS = YES;
				GCC_OPTIMIZATION_LEVEL = 0;
				GCC_PREPROCESSOR_DEFINITIONS = (
					"DEBUG=1",
					"$(inherited)",
				);
				GCC_WARN_64_TO_32_BIT_CONVERSION = YES;
				GCC_WARN_ABOUT_RETURN_TYPE = YES_ERROR;
				GCC_WARN_UNDECLARED_SELECTOR = YES;
				GCC_WARN_UNINITIALIZED_AUTOS = YES_AGGRESSIVE;
				GCC_WARN_UNUSED_FUNCTION = YES;
				GCC_WARN_UNUSED_VARIABLE = YES;
				IPHONEOS_DEPLOYMENT_TARGET = 18.5;
				LOCALIZATION_PREFERS_STRING_CATALOGS = YES;
				MTL_ENABLE_DEBUG_INFO = INCLUDE_SOURCE;
				MTL_FAST_MATH = YES;
				ONLY_ACTIVE_ARCH = YES;
				SDKROOT = iphoneos;
				SWIFT_ACTIVE_COMPILATION_CONDITIONS = "DEBUG $(inherited)";
				SWIFT_OPTIMIZATION_LEVEL = "-Onone";
			};
			name = Debug;
		};
		B074DCB82DFB19AA009E1727 /* Release */ = {
			isa = XCBuildConfiguration;
			buildSettings = {
				ALWAYS_SEARCH_USER_PATHS = NO;
				ASSETCATALOG_COMPILER_GENERATE_SWIFT_ASSET_SYMBOL_EXTENSIONS = YES;
				CLANG_ANALYZER_NONNULL = YES;
				CLANG_ANALYZER_NUMBER_OBJECT_CONVERSION = YES_AGGRESSIVE;
				CLANG_CXX_LANGUAGE_STANDARD = "gnu++20";
				CLANG_ENABLE_MODULES = YES;
				CLANG_ENABLE_OBJC_ARC = YES;
				CLANG_ENABLE_OBJC_WEAK = YES;
				CLANG_WARN_BLOCK_CAPTURE_AUTORELEASING = YES;
				CLANG_WARN_BOOL_CONVERSION = YES;
				CLANG_WARN_COMMA = YES;
				CLANG_WARN_CONSTANT_CONVERSION = YES;
				CLANG_WARN_DEPRECATED_OBJC_IMPLEMENTATIONS = YES;
				CLANG_WARN_DIRECT_OBJC_ISA_USAGE = YES_ERROR;
				CLANG_WARN_DOCUMENTATION_COMMENTS = YES;
				CLANG_WARN_EMPTY_BODY = YES;
				CLANG_WARN_ENUM_CONVERSION = YES;
				CLANG_WARN_INFINITE_RECURSION = YES;
				CLANG_WARN_INT_CONVERSION = YES;
				CLANG_WARN_NON_LITERAL_NULL_CONVERSION = YES;
				CLANG_WARN_OBJC_IMPLICIT_RETAIN_SELF = YES;
				CLANG_WARN_OBJC_LITERAL_CONVERSION = YES;
				CLANG_WARN_OBJC_ROOT_CLASS = YES_ERROR;
				CLANG_WARN_QUOTED_INCLUDE_IN_FRAMEWORK_HEADER = YES;
				CLANG_WARN_RANGE_LOOP_ANALYSIS = YES;
				CLANG_WARN_STRICT_PROTOTYPES = YES;
				CLANG_WARN_SUSPICIOUS_MOVE = YES;
				CLANG_WARN_UNGUARDED_AVAILABILITY = YES_AGGRESSIVE;
				CLANG_WARN_UNREACHABLE_CODE = YES;
				CLANG_WARN__DUPLICATE_METHOD_MATCH = YES;
				COPY_PHASE_STRIP = NO;
				DEBUG_INFORMATION_FORMAT = "dwarf-with-dsym";
				DEVELOPMENT_TEAM = 7E693E4L97;
				ENABLE_NS_ASSERTIONS = NO;
				ENABLE_STRICT_OBJC_MSGSEND = YES;
				ENABLE_USER_SCRIPT_SANDBOXING = YES;
				GCC_C_LANGUAGE_STANDARD = gnu17;
				GCC_NO_COMMON_BLOCKS = YES;
				GCC_WARN_64_TO_32_BIT_CONVERSION = YES;
				GCC_WARN_ABOUT_RETURN_TYPE = YES_ERROR;
				GCC_WARN_UNDECLARED_SELECTOR = YES;
				GCC_WARN_UNINITIALIZED_AUTOS = YES_AGGRESSIVE;
				GCC_WARN_UNUSED_FUNCTION = YES;
				GCC_WARN_UNUSED_VARIABLE = YES;
				IPHONEOS_DEPLOYMENT_TARGET = 18.5;
				LOCALIZATION_PREFERS_STRING_CATALOGS = YES;
				MTL_ENABLE_DEBUG_INFO = NO;
				MTL_FAST_MATH = YES;
				SDKROOT = iphoneos;
				SWIFT_COMPILATION_MODE = wholemodule;
				VALIDATE_PRODUCT = YES;
			};
			name = Release;
		};
		B074DCBA2DFB19AA009E1727 /* Debug */ = {
			isa = XCBuildConfiguration;
			buildSettings = {
				ASSETCATALOG_COMPILER_APPICON_NAME = AppIcon;
				ASSETCATALOG_COMPILER_GLOBAL_ACCENT_COLOR_NAME = AccentColor;
				CODE_SIGN_ALLOW_ENTITLEMENTS_MODIFICATION = YES;
				CODE_SIGN_ENTITLEMENTS = "Time to Burn/Time to Burn.entitlements";
				CODE_SIGN_IDENTITY = "Apple Development";
				CODE_SIGN_STYLE = Automatic;
				CURRENT_PROJECT_VERSION = 1;
				DEVELOPMENT_TEAM = 7E693E4L97;
				ENABLE_PREVIEWS = YES;
				GENERATE_INFOPLIST_FILE = YES;
				INFOPLIST_FILE = "Time-to-Burn-Info.plist";
				INFOPLIST_KEY_CFBundleDisplayName = "Time to Burn";
				INFOPLIST_KEY_LSApplicationCategoryType = "public.app-category.weather";
				INFOPLIST_KEY_NSLocationAlwaysAndWhenInUseUsageDescription = "Time to Burn needs your location to provide accurate UV index information and send you alerts about dangerous UV levels.";
				INFOPLIST_KEY_NSLocationWhenInUseUsageDescription = "Time to Burn needs your location to provide accurate UV index information for your area.";
				INFOPLIST_KEY_UIApplicationSceneManifest_Generation = YES;
				INFOPLIST_KEY_UIApplicationSupportsIndirectInputEvents = YES;
				INFOPLIST_KEY_UILaunchScreen_Generation = YES;
				INFOPLIST_KEY_UISupportedInterfaceOrientations_iPad = "UIInterfaceOrientationPortrait UIInterfaceOrientationPortraitUpsideDown UIInterfaceOrientationLandscapeLeft UIInterfaceOrientationLandscapeRight";
				INFOPLIST_KEY_UISupportedInterfaceOrientations_iPhone = "UIInterfaceOrientationPortrait UIInterfaceOrientationLandscapeLeft UIInterfaceOrientationLandscapeRight";
				LD_RUNPATH_SEARCH_PATHS = (
					"$(inherited)",
					"@executable_path/Frameworks",
				);
				MARKETING_VERSION = 1.0;
				PRODUCT_BUNDLE_IDENTIFIER = "Time-to-Burn.Time-to-Burn";
				PRODUCT_NAME = "$(TARGET_NAME)";
				PROVISIONING_PROFILE_SPECIFIER = "";
				SUPPORTED_PLATFORMS = "iphoneos iphonesimulator";
				SUPPORTS_MACCATALYST = NO;
				SUPPORTS_MAC_DESIGNED_FOR_IPHONE_IPAD = NO;
				SUPPORTS_XR_DESIGNED_FOR_IPHONE_IPAD = NO;
				SWIFT_EMIT_LOC_STRINGS = YES;
				SWIFT_VERSION = 5.0;
				TARGETED_DEVICE_FAMILY = "1,2";
			};
			name = Debug;
		};
		B074DCBB2DFB19AA009E1727 /* Release */ = {
			isa = XCBuildConfiguration;
			buildSettings = {
				ASSETCATALOG_COMPILER_APPICON_NAME = AppIcon;
				ASSETCATALOG_COMPILER_GLOBAL_ACCENT_COLOR_NAME = AccentColor;
				CODE_SIGN_ALLOW_ENTITLEMENTS_MODIFICATION = YES;
				CODE_SIGN_ENTITLEMENTS = "Time to Burn/Time to Burn.entitlements";
				CODE_SIGN_IDENTITY = "Apple Development";
				CODE_SIGN_STYLE = Automatic;
				CURRENT_PROJECT_VERSION = 1;
				DEVELOPMENT_TEAM = 7E693E4L97;
				ENABLE_PREVIEWS = YES;
				GENERATE_INFOPLIST_FILE = YES;
				INFOPLIST_FILE = "Time-to-Burn-Info.plist";
				INFOPLIST_KEY_CFBundleDisplayName = "Time to Burn";
				INFOPLIST_KEY_LSApplicationCategoryType = "public.app-category.weather";
				INFOPLIST_KEY_NSLocationAlwaysAndWhenInUseUsageDescription = "Time to Burn needs your location to provide accurate UV index information and send you alerts about dangerous UV levels.";
				INFOPLIST_KEY_NSLocationWhenInUseUsageDescription = "Time to Burn needs your location to provide accurate UV index information for your area.";
				INFOPLIST_KEY_UIApplicationSceneManifest_Generation = YES;
				INFOPLIST_KEY_UIApplicationSupportsIndirectInputEvents = YES;
				INFOPLIST_KEY_UILaunchScreen_Generation = YES;
				INFOPLIST_KEY_UISupportedInterfaceOrientations_iPad = "UIInterfaceOrientationPortrait UIInterfaceOrientationPortraitUpsideDown UIInterfaceOrientationLandscapeLeft UIInterfaceOrientationLandscapeRight";
				INFOPLIST_KEY_UISupportedInterfaceOrientations_iPhone = "UIInterfaceOrientationPortrait UIInterfaceOrientationLandscapeLeft UIInterfaceOrientationLandscapeRight";
				LD_RUNPATH_SEARCH_PATHS = (
					"$(inherited)",
					"@executable_path/Frameworks",
				);
				MARKETING_VERSION = 1.0;
				PRODUCT_BUNDLE_IDENTIFIER = "Time-to-Burn.Time-to-Burn";
				PRODUCT_NAME = "$(TARGET_NAME)";
				PROVISIONING_PROFILE_SPECIFIER = "";
				SUPPORTED_PLATFORMS = "iphoneos iphonesimulator";
				SUPPORTS_MACCATALYST = NO;
				SUPPORTS_MAC_DESIGNED_FOR_IPHONE_IPAD = NO;
				SUPPORTS_XR_DESIGNED_FOR_IPHONE_IPAD = NO;
				SWIFT_EMIT_LOC_STRINGS = YES;
				SWIFT_VERSION = 5.0;
				TARGETED_DEVICE_FAMILY = "1,2";
			};
			name = Release;
		};
		B074DCBD2DFB19AA009E1727 /* Debug */ = {
			isa = XCBuildConfiguration;
			buildSettings = {
				BUNDLE_LOADER = "$(TEST_HOST)";
				CODE_SIGN_STYLE = Automatic;
				CURRENT_PROJECT_VERSION = 1;
				DEVELOPMENT_TEAM = 7E693E4L97;
				GENERATE_INFOPLIST_FILE = YES;
				IPHONEOS_DEPLOYMENT_TARGET = 18.5;
				MARKETING_VERSION = 1.0;
				PRODUCT_BUNDLE_IDENTIFIER = "Time-to-Burn.Time-to-BurnTests";
				PRODUCT_NAME = "$(TARGET_NAME)";
				SWIFT_EMIT_LOC_STRINGS = NO;
				SWIFT_VERSION = 5.0;
				TARGETED_DEVICE_FAMILY = "1,2";
				TEST_HOST = "$(BUILT_PRODUCTS_DIR)/Time to Burn.app/$(BUNDLE_EXECUTABLE_FOLDER_PATH)/Time to Burn";
			};
			name = Debug;
		};
		B074DCBE2DFB19AA009E1727 /* Release */ = {
			isa = XCBuildConfiguration;
			buildSettings = {
				BUNDLE_LOADER = "$(TEST_HOST)";
				CODE_SIGN_STYLE = Automatic;
				CURRENT_PROJECT_VERSION = 1;
				DEVELOPMENT_TEAM = 7E693E4L97;
				GENERATE_INFOPLIST_FILE = YES;
				IPHONEOS_DEPLOYMENT_TARGET = 18.5;
				MARKETING_VERSION = 1.0;
				PRODUCT_BUNDLE_IDENTIFIER = "Time-to-Burn.Time-to-BurnTests";
				PRODUCT_NAME = "$(TARGET_NAME)";
				SWIFT_EMIT_LOC_STRINGS = NO;
				SWIFT_VERSION = 5.0;
				TARGETED_DEVICE_FAMILY = "1,2";
				TEST_HOST = "$(BUILT_PRODUCTS_DIR)/Time to Burn.app/$(BUNDLE_EXECUTABLE_FOLDER_PATH)/Time to Burn";
			};
			name = Release;
		};
		B074DCC02DFB19AA009E1727 /* Debug */ = {
			isa = XCBuildConfiguration;
			buildSettings = {
				CODE_SIGN_STYLE = Automatic;
				CURRENT_PROJECT_VERSION = 1;
				DEVELOPMENT_TEAM = 7E693E4L97;
				GENERATE_INFOPLIST_FILE = YES;
				MARKETING_VERSION = 1.0;
				PRODUCT_BUNDLE_IDENTIFIER = "Time-to-Burn.Time-to-BurnUITests";
				PRODUCT_NAME = "$(TARGET_NAME)";
				SWIFT_EMIT_LOC_STRINGS = NO;
				SWIFT_VERSION = 5.0;
				TARGETED_DEVICE_FAMILY = "1,2";
				TEST_TARGET_NAME = "Time to Burn";
			};
			name = Debug;
		};
		B074DCC12DFB19AA009E1727 /* Release */ = {
			isa = XCBuildConfiguration;
			buildSettings = {
				CODE_SIGN_STYLE = Automatic;
				CURRENT_PROJECT_VERSION = 1;
				DEVELOPMENT_TEAM = 7E693E4L97;
				GENERATE_INFOPLIST_FILE = YES;
				MARKETING_VERSION = 1.0;
				PRODUCT_BUNDLE_IDENTIFIER = "Time-to-Burn.Time-to-BurnUITests";
				PRODUCT_NAME = "$(TARGET_NAME)";
				SWIFT_EMIT_LOC_STRINGS = NO;
				SWIFT_VERSION = 5.0;
				TARGETED_DEVICE_FAMILY = "1,2";
				TEST_TARGET_NAME = "Time to Burn";
			};
			name = Release;
		};
		B08275E02E1160A200242AE1 /* Debug */ = {
			isa = XCBuildConfiguration;
			buildSettings = {
				ASSETCATALOG_COMPILER_GLOBAL_ACCENT_COLOR_NAME = AccentColor;
				ASSETCATALOG_COMPILER_WIDGET_BACKGROUND_COLOR_NAME = WidgetBackground;
				CODE_SIGN_ENTITLEMENTS = TimeToBurnWidgetExtension.entitlements;
				CODE_SIGN_IDENTITY = "Apple Development";
				CODE_SIGN_STYLE = Automatic;
				CURRENT_PROJECT_VERSION = 1;
				DEVELOPMENT_TEAM = 7E693E4L97;
				GENERATE_INFOPLIST_FILE = YES;
				INFOPLIST_FILE = TimeToBurnWidget/Info.plist;
				INFOPLIST_KEY_CFBundleDisplayName = TimeToBurnWidget;
				INFOPLIST_KEY_NSHumanReadableCopyright = "";
				LD_RUNPATH_SEARCH_PATHS = (
					"$(inherited)",
					"@executable_path/Frameworks",
					"@executable_path/../../Frameworks",
				);
				MARKETING_VERSION = 1.0;
				PRODUCT_BUNDLE_IDENTIFIER = "Time-to-Burn.Time-to-Burn.TimeToBurnWidget";
				PRODUCT_NAME = "$(TARGET_NAME)";
				SKIP_INSTALL = YES;
				SWIFT_EMIT_LOC_STRINGS = YES;
				SWIFT_VERSION = 5.0;
				TARGETED_DEVICE_FAMILY = "1,2";
			};
			name = Debug;
		};
		B08275E12E1160A200242AE1 /* Release */ = {
			isa = XCBuildConfiguration;
			buildSettings = {
				ASSETCATALOG_COMPILER_GLOBAL_ACCENT_COLOR_NAME = AccentColor;
				ASSETCATALOG_COMPILER_WIDGET_BACKGROUND_COLOR_NAME = WidgetBackground;
				CODE_SIGN_ENTITLEMENTS = TimeToBurnWidgetExtension.entitlements;
				CODE_SIGN_IDENTITY = "Apple Development";
				CODE_SIGN_STYLE = Automatic;
				CURRENT_PROJECT_VERSION = 1;
				DEVELOPMENT_TEAM = 7E693E4L97;
				GENERATE_INFOPLIST_FILE = YES;
				INFOPLIST_FILE = TimeToBurnWidget/Info.plist;
				INFOPLIST_KEY_CFBundleDisplayName = TimeToBurnWidget;
				INFOPLIST_KEY_NSHumanReadableCopyright = "";
				LD_RUNPATH_SEARCH_PATHS = (
					"$(inherited)",
					"@executable_path/Frameworks",
					"@executable_path/../../Frameworks",
				);
				MARKETING_VERSION = 1.0;
				PRODUCT_BUNDLE_IDENTIFIER = "Time-to-Burn.Time-to-Burn.TimeToBurnWidget";
				PRODUCT_NAME = "$(TARGET_NAME)";
				SKIP_INSTALL = YES;
				SWIFT_EMIT_LOC_STRINGS = YES;
				SWIFT_VERSION = 5.0;
				TARGETED_DEVICE_FAMILY = "1,2";
			};
			name = Release;
		};
/* End XCBuildConfiguration section */

/* Begin XCConfigurationList section */
		B074DC932DFB19A8009E1727 /* Build configuration list for PBXProject "Time to Burn" */ = {
			isa = XCConfigurationList;
			buildConfigurations = (
				B074DCB72DFB19AA009E1727 /* Debug */,
				B074DCB82DFB19AA009E1727 /* Release */,
			);
			defaultConfigurationIsVisible = 0;
			defaultConfigurationName = Release;
		};
		B074DCB92DFB19AA009E1727 /* Build configuration list for PBXNativeTarget "Time to Burn" */ = {
			isa = XCConfigurationList;
			buildConfigurations = (
				B074DCBA2DFB19AA009E1727 /* Debug */,
				B074DCBB2DFB19AA009E1727 /* Release */,
			);
			defaultConfigurationIsVisible = 0;
			defaultConfigurationName = Release;
		};
		B074DCBC2DFB19AA009E1727 /* Build configuration list for PBXNativeTarget "Time to BurnTests" */ = {
			isa = XCConfigurationList;
			buildConfigurations = (
				B074DCBD2DFB19AA009E1727 /* Debug */,
				B074DCBE2DFB19AA009E1727 /* Release */,
			);
			defaultConfigurationIsVisible = 0;
			defaultConfigurationName = Release;
		};
		B074DCBF2DFB19AA009E1727 /* Build configuration list for PBXNativeTarget "Time to BurnUITests" */ = {
			isa = XCConfigurationList;
			buildConfigurations = (
				B074DCC02DFB19AA009E1727 /* Debug */,
				B074DCC12DFB19AA009E1727 /* Release */,
			);
			defaultConfigurationIsVisible = 0;
			defaultConfigurationName = Release;
		};
		B08275DF2E1160A200242AE1 /* Build configuration list for PBXNativeTarget "TimeToBurnWidgetExtension" */ = {
			isa = XCConfigurationList;
			buildConfigurations = (
				B08275E02E1160A200242AE1 /* Debug */,
				B08275E12E1160A200242AE1 /* Release */,
			);
			defaultConfigurationIsVisible = 0;
			defaultConfigurationName = Release;
		};
/* End XCConfigurationList section */
	};
	rootObject = B074DC902DFB19A8009E1727 /* Project object */;
}
